
Microsoft Visual Studio Solution File, Format Version 12.00
# Visual Studio Version 17
VisualStudioVersion = 17.2.32526.322
MinimumVisualStudioVersion = 10.0.40219.1
Project("{FAE04EC0-301F-11D3-BF4B-00C04F79EFBC}") = "ProgrammingLanguages", "ProgrammingLanguages\ProgrammingLanguages.csproj", "{9B523275-54A1-469C-8087-F2FB36E577EE}"
EndProject
Global
	GlobalSection(SolutionConfigurationPlatforms) = preSolution
		Debug|Any CPU = Debug|Any CPU
		Release|Any CPU = Release|Any CPU
	EndGlobalSection
	GlobalSection(ProjectConfigurationPlatforms) = postSolution
		{9B523275-54A1-469C-8087-F2FB36E577EE}.Debug|Any CPU.ActiveCfg = Debug|Any CPU
		{9B523275-54A1-469C-8087-F2FB36E577EE}.Debug|Any CPU.Build.0 = Debug|Any CPU
		{9B523275-54A1-469C-8087-F2FB36E577EE}.Release|Any CPU.ActiveCfg = Release|Any CPU
		{9B523275-54A1-469C-8087-F2FB36E577EE}.Release|Any CPU.Build.0 = Release|Any CPU
	EndGlobalSection
	GlobalSection(SolutionProperties) = preSolution
		HideSolutionNode = FALSE
	EndGlobalSection
	GlobalSection(ExtensibilityGlobals) = postSolution
		SolutionGuid = {B23FFDFE-CDB2-46EC-BBCF-65C9B671BE38}
	EndGlobalSection
EndGlobal
